<?xml version="1.0" encoding="UTF-8" standalone="yes" ?>
<CodeBlocks_project_file>
	<FileVersion major="1" minor="6" />
	<Project>
		<Option title="gigablast" />
		<Option makefile_is_custom="1" />
		<Option pch_mode="2" />
		<Option compiler="gcc" />
		<MakeCommands>
			<Build command="$make -f $makefile" />
			<CompileFile command="$make -f $makefile $file" />
			<Clean command="$make -f $makefile clean" />
			<DistClean command="$make -f $makefile distclean$target" />
			<AskRebuildNeeded command="$make -q -f $makefile" />
			<SilentBuild command="$make -f $makefile &gt; $(CMD_NULL)" />
		</MakeCommands>
		<Build>
			<Target title="Debug">
				<Option output="./gb" prefix_auto="1" extension_auto="1" />
				<Option object_output="obj/Debug/" />
				<Option type="1" />
				<Option compiler="gcc" />
				<Compiler>
					<Add option="-g" />
				</Compiler>
				<MakeCommands>
					<Build command="$make -f $makefile" />
					<CompileFile command="$make -f $makefile $file" />
					<Clean command="$make -f $makefile clean" />
					<DistClean command="$make -f $makefile distclean$target" />
					<AskRebuildNeeded command="$make -q -f $makefile" />
					<SilentBuild command="$make -f $makefile &gt; $(CMD_NULL)" />
				</MakeCommands>
			</Target>
			<Target title="Release">
				<Option output="bin/Release/gigablast" prefix_auto="1" extension_auto="1" />
				<Option object_output="obj/Release/" />
				<Option type="1" />
				<Option compiler="gcc" />
				<Compiler>
					<Add option="-O2" />
				</Compiler>
				<Linker>
					<Add option="-s" />
				</Linker>
			</Target>
		</Build>
		<Compiler>
			<Add option="-Wall" />
		</Compiler>
		<Unit filename="Abbreviations.cpp" />
		<Unit filename="Abbreviations.h" />
		<Unit filename="Accessdb.cpp" />
		<Unit filename="Accessdb.h" />
		<Unit filename="Address.cpp" />
		<Unit filename="Address.h" />
		<Unit filename="Ads.cpp" />
		<Unit filename="Ads.h" />
		<Unit filename="AdultBit.cpp" />
		<Unit filename="AdultBit.h" />
		<Unit filename="AutoBan.cpp" />
		<Unit filename="AutoBan.h" />
		<Unit filename="BigFile.cpp" />
		<Unit filename="BigFile.h" />
		<Unit filename="Bits.cpp" />
		<Unit filename="Bits.h" />
		<Unit filename="Blaster.cpp" />
		<Unit filename="Blaster.h" />
		<Unit filename="Cachedb.cpp" />
		<Unit filename="Cachedb.h" />
		<Unit filename="CatRec.cpp" />
		<Unit filename="CatRec.h" />
		<Unit filename="Catdb.cpp" />
		<Unit filename="Catdb.h" />
		<Unit filename="Categories.cpp" />
		<Unit filename="Categories.h" />
		<Unit filename="Clusterdb.cpp" />
		<Unit filename="Clusterdb.h" />
		<Unit filename="Collectiondb.cpp" />
		<Unit filename="Collectiondb.h" />
		<Unit filename="Conf.cpp" />
		<Unit filename="Conf.h" />
		<Unit filename="CountryCode.cpp" />
		<Unit filename="CountryCode.h" />
		<Unit filename="DailyMerge.cpp" />
		<Unit filename="DailyMerge.h" />
		<Unit filename="DataFeed.cpp" />
		<Unit filename="DataFeed.h" />
		<Unit filename="Datedb.cpp" />
		<Unit filename="Datedb.h" />
		<Unit filename="Dates.cpp" />
		<Unit filename="Dates.h" />
		<Unit filename="Diff.cpp" />
		<Unit filename="Diff.h" />
		<Unit filename="Dir.cpp" />
		<Unit filename="Dir.h" />
		<Unit filename="DiskPageCache.cpp" />
		<Unit filename="DiskPageCache.h" />
		<Unit filename="Dns.cpp" />
		<Unit filename="Dns.h" />
		<Unit filename="DnsProtocol.h" />
		<Unit filename="Domains.cpp" />
		<Unit filename="Domains.h" />
		<Unit filename="Entities.cpp" />
		<Unit filename="Entities.h" />
		<Unit filename="Errno.cpp" />
		<Unit filename="Errno.h" />
		<Unit filename="Events.h" />
		<Unit filename="Facebook.cpp" />
		<Unit filename="Facebook.h" />
		<Unit filename="File.cpp" />
		<Unit filename="File.h" />
		<Unit filename="Flags.cpp" />
		<Unit filename="Flags.h" />
		<Unit filename="GeoIP.c">
			<Option compilerVar="CC" />
		</Unit>
		<Unit filename="GeoIP.h" />
		<Unit filename="GeoIPCity.c">
			<Option compilerVar="CC" />
		</Unit>
		<Unit filename="GeoIPCity.h" />
		<Unit filename="GeoIP_internal.h" />
		<Unit filename="HashTable.cpp" />
		<Unit filename="HashTable.h" />
		<Unit filename="HashTableT.cpp" />
		<Unit filename="HashTableT.h" />
		<Unit filename="HashTableX.cpp" />
		<Unit filename="HashTableX.h" />
		<Unit filename="Highlight.cpp" />
		<Unit filename="Highlight.h" />
		<Unit filename="Hostdb.cpp" />
		<Unit filename="Hostdb.h" />
		<Unit filename="HttpMime.cpp" />
		<Unit filename="HttpMime.h" />
		<Unit filename="HttpRequest.cpp" />
		<Unit filename="HttpRequest.h" />
		<Unit filename="HttpServer.cpp" />
		<Unit filename="HttpServer.h" />
		<Unit filename="Images.cpp" />
		<Unit filename="Images.h" />
		<Unit filename="IndexList.cpp" />
		<Unit filename="IndexList.h" />
		<Unit filename="IndexReadInfo.cpp" />
		<Unit filename="IndexReadInfo.h" />
		<Unit filename="IndexTable.cpp" />
		<Unit filename="IndexTable.h" />
		<Unit filename="IndexTable2.cpp" />
		<Unit filename="IndexTable2.h" />
		<Unit filename="Indexdb.cpp" />
		<Unit filename="Indexdb.h" />
		<Unit filename="Iso8859.cpp" />
		<Unit filename="Iso8859.h" />
		<Unit filename="Json.cpp" />
		<Unit filename="Json.h" />
		<Unit filename="Lang.cpp" />
		<Unit filename="Lang.h" />
		<Unit filename="LangList.cpp" />
		<Unit filename="LangList.h" />
		<Unit filename="Language.cpp" />
		<Unit filename="Language.h" />
		<Unit filename="LanguageIdentifier.cpp" />
		<Unit filename="LanguageIdentifier.h" />
		<Unit filename="LanguagePages.cpp" />
		<Unit filename="LanguagePages.h" />
		<Unit filename="Linkdb.cpp" />
		<Unit filename="Linkdb.h" />
		<Unit filename="LinkedList.h" />
		<Unit filename="Log.cpp" />
		<Unit filename="Log.h" />
		<Unit filename="Loop.cpp" />
		<Unit filename="Loop.h" />
		<Unit filename="Matches.cpp" />
		<Unit filename="Matches.h" />
		<Unit filename="Mem.cpp" />
		<Unit filename="Mem.h" />
		<Unit filename="MemPool.cpp" />
		<Unit filename="MemPool.h" />
		<Unit filename="MemPoolTree.cpp" />
		<Unit filename="MemPoolTree.h" />
		<Unit filename="MetaContainer.cpp" />
		<Unit filename="MetaContainer.h" />
		<Unit filename="Mime.cpp" />
		<Unit filename="Mime.h" />
		<Unit filename="Monitordb.cpp" />
		<Unit filename="Monitordb.h" />
		<Unit filename="Msg0.cpp" />
		<Unit filename="Msg0.h" />
		<Unit filename="Msg1.cpp" />
		<Unit filename="Msg1.h" />
		<Unit filename="Msg13.cpp" />
		<Unit filename="Msg13.h" />
		<Unit filename="Msg17.cpp" />
		<Unit filename="Msg17.h" />
		<Unit filename="Msg1f.cpp" />
		<Unit filename="Msg1f.h" />
		<Unit filename="Msg2.cpp" />
		<Unit filename="Msg2.h" />
		<Unit filename="Msg20.cpp" />
		<Unit filename="Msg20.h" />
		<Unit filename="Msg22.cpp" />
		<Unit filename="Msg22.h" />
		<Unit filename="Msg24.cpp" />
		<Unit filename="Msg28.cpp" />
		<Unit filename="Msg28.h" />
		<Unit filename="Msg2a.cpp" />
		<Unit filename="Msg2a.h" />
		<Unit filename="Msg2b.cpp" />
		<Unit filename="Msg2b.h" />
		<Unit filename="Msg3.cpp" />
		<Unit filename="Msg3.h" />
		<Unit filename="Msg30.cpp" />
		<Unit filename="Msg30.h" />
		<Unit filename="Msg35.cpp" />
		<Unit filename="Msg35.h" />
		<Unit filename="Msg36.cpp" />
		<Unit filename="Msg36.h" />
		<Unit filename="Msg37.cpp" />
		<Unit filename="Msg37.h" />
		<Unit filename="Msg39.cpp" />
		<Unit filename="Msg39.h" />
		<Unit filename="Msg3a.cpp" />
		<Unit filename="Msg3a.h" />
		<Unit filename="Msg3e.cpp" />
		<Unit filename="Msg3e.h" />
		<Unit filename="Msg4.cpp" />
		<Unit filename="Msg4.h" />
		<Unit filename="Msg40.cpp" />
		<Unit filename="Msg40.h" />
		<Unit filename="Msg40Cache.cpp" />
		<Unit filename="Msg40Cache.h" />
		<Unit filename="Msg42.cpp" />
		<Unit filename="Msg42.h" />
		<Unit filename="Msg5.cpp" />
		<Unit filename="Msg5.h" />
		<Unit filename="Msg51.cpp" />
		<Unit filename="Msg51.h" />
		<Unit filename="Msg6b.cpp" />
		<Unit filename="Msg6b.h" />
		<Unit filename="Msg8b.cpp" />
		<Unit filename="Msg8b.h" />
		<Unit filename="Msg9b.cpp" />
		<Unit filename="Msg9b.h" />
		<Unit filename="MsgC.cpp" />
		<Unit filename="MsgC.h" />
		<Unit filename="Msgaa.cpp" />
		<Unit filename="Msgaa.h" />
		<Unit filename="Msge0.cpp" />
		<Unit filename="Msge0.h" />
		<Unit filename="Msge1.cpp" />
		<Unit filename="Msge1.h" />
		<Unit filename="Multicast.cpp" />
		<Unit filename="Multicast.h" />
		<Unit filename="PageAddColl.cpp" />
		<Unit filename="PageAddUrl.cpp" />
		<Unit filename="PageBasic.cpp" />
		<Unit filename="PageCatdb.cpp" />
		<Unit filename="PageCrawlBot.cpp" />
		<Unit filename="PageCrawlBot.h" />
		<Unit filename="PageDirectory.cpp" />
		<Unit filename="PageEvents.cpp" />
		<Unit filename="PageGet.cpp" />
		<Unit filename="PageHosts.cpp" />
		<Unit filename="PageIndexdb.cpp" />
		<Unit filename="PageInject.cpp" />
		<Unit filename="PageInject.h" />
		<Unit filename="PageLogView.cpp" />
		<Unit filename="PageNetTest.cpp" />
		<Unit filename="PageNetTest.h" />
		<Unit filename="PageOverview.cpp" />
		<Unit filename="PageParser.cpp" />
		<Unit filename="PageParser.h" />
		<Unit filename="PagePerf.cpp" />
		<Unit filename="PageReindex.cpp" />
		<Unit filename="PageReindex.h" />
		<Unit filename="PageResults.cpp" />
		<Unit filename="PageResults.h" />
		<Unit filename="PageRoot.cpp" />
		<Unit filename="PageSockets.cpp" />
		<Unit filename="PageSpam.cpp" />
		<Unit filename="PageStats.cpp" />
		<Unit filename="PageStatsdb.cpp" />
		<Unit filename="PageSubmit.cpp" />
		<Unit filename="PageThesaurus.cpp" />
		<Unit filename="PageThreads.cpp" />
		<Unit filename="PageTitledb.cpp" />
		<Unit filename="PageTurk.cpp" />
		<Unit filename="PageTurk.h" />
		<Unit filename="Pages.cpp" />
		<Unit filename="Pages.h" />
		<Unit filename="Parms.cpp" />
		<Unit filename="Parms.h" />
		<Unit filename="Phrases.cpp" />
		<Unit filename="Phrases.h" />
		<Unit filename="PingServer.cpp" />
		<Unit filename="PingServer.h" />
		<Unit filename="Placedb.cpp" />
		<Unit filename="Placedb.h" />
		<Unit filename="Pops.cpp" />
		<Unit filename="Pops.h" />
		<Unit filename="Pos.cpp" />
		<Unit filename="Pos.h" />
		<Unit filename="Posdb.cpp" />
		<Unit filename="Posdb.h" />
		<Unit filename="PostQueryRerank.cpp" />
		<Unit filename="PostQueryRerank.h" />
		<Unit filename="Process.cpp" />
		<Unit filename="Process.h" />
		<Unit filename="Profiler.cpp" />
		<Unit filename="Profiler.h" />
		<Unit filename="Proxy.cpp" />
		<Unit filename="Proxy.h" />
		<Unit filename="QAClient.cpp" />
		<Unit filename="QAClient.h" />
		<Unit filename="Query.cpp" />
		<Unit filename="Query.h" />
		<Unit filename="Rdb.cpp" />
		<Unit filename="Rdb.h" />
		<Unit filename="RdbBase.cpp" />
		<Unit filename="RdbBase.h" />
		<Unit filename="RdbBuckets.cpp" />
		<Unit filename="RdbBuckets.h" />
		<Unit filename="RdbCache.cpp" />
		<Unit filename="RdbCache.h" />
		<Unit filename="RdbDump.cpp" />
		<Unit filename="RdbDump.h" />
		<Unit filename="RdbList.cpp" />
		<Unit filename="RdbList.h" />
		<Unit filename="RdbMap.cpp" />
		<Unit filename="RdbMap.h" />
		<Unit filename="RdbMem.cpp" />
		<Unit filename="RdbMem.h" />
		<Unit filename="RdbMerge.cpp" />
		<Unit filename="RdbMerge.h" />
		<Unit filename="RdbScan.cpp" />
		<Unit filename="RdbScan.h" />
		<Unit filename="RdbTree.cpp" />
		<Unit filename="RdbTree.h" />
		<Unit filename="Rebalance.cpp" />
		<Unit filename="Rebalance.h" />
		<Unit filename="Repair.cpp" />
		<Unit filename="Repair.h" />
		<Unit filename="RequestTable.cpp" />
		<Unit filename="RequestTable.h" />
		<Unit filename="Revdb.cpp" />
		<Unit filename="Revdb.h" />
		<Unit filename="SafeBuf.cpp" />
		<Unit filename="SafeBuf.h" />
		<Unit filename="SafeList.h" />
		<Unit filename="Sanity.h" />
		<Unit filename="Scores.cpp" />
		<Unit filename="Scores.h" />
		<Unit filename="Scraper.cpp" />
		<Unit filename="Scraper.h" />
		<Unit filename="SearchInput.cpp" />
		<Unit filename="SearchInput.h" />
		<Unit filename="Sections.cpp" />
		<Unit filename="Sections.h" />
		<Unit filename="SiteGetter.cpp" />
		<Unit filename="SiteGetter.h" />
		<Unit filename="Speller.cpp" />
		<Unit filename="Speller.h" />
		<Unit filename="Spider.cpp" />
		<Unit filename="Spider.h" />
		<Unit filename="SpiderProxy.cpp" />
		<Unit filename="SpiderProxy.h" />
		<Unit filename="Stats.cpp" />
		<Unit filename="Stats.h" />
		<Unit filename="Statsdb.cpp" />
		<Unit filename="Statsdb.h" />
		<Unit filename="StopWords.cpp" />
		<Unit filename="StopWords.h" />
		<Unit filename="Strings.cpp" />
		<Unit filename="Strings.h" />
		<Unit filename="Summary.cpp" />
		<Unit filename="Summary.h" />
		<Unit filename="Syncdb.cpp" />
		<Unit filename="Syncdb.h" />
		<Unit filename="Synonyms.cpp" />
		<Unit filename="Synonyms.h" />
		<Unit filename="Tagdb.cpp" />
		<Unit filename="Tagdb.h" />
		<Unit filename="TcpServer.cpp" />
		<Unit filename="TcpServer.h" />
		<Unit filename="TcpSocket.h" />
		<Unit filename="Test.cpp" />
		<Unit filename="Test.h" />
		<Unit filename="Tfndb.cpp" />
		<Unit filename="Tfndb.h" />
		<Unit filename="Thesaurus.cpp" />
		<Unit filename="Thesaurus.h" />
		<Unit filename="Threads.cpp" />
		<Unit filename="Threads.h" />
		<Unit filename="Timedb.cpp" />
		<Unit filename="Timedb.h" />
		<Unit filename="Timer.h" />
		<Unit filename="Title.cpp" />
		<Unit filename="Title.h" />
		<Unit filename="Titledb.cpp" />
		<Unit filename="Titledb.h" />
		<Unit filename="TopTree.cpp" />
		<Unit filename="TopTree.h" />
		<Unit filename="TuringTest.cpp" />
		<Unit filename="TuringTest.h" />
		<Unit filename="Turkdb.cpp" />
		<Unit filename="UCNormalizer.cpp" />
		<Unit filename="UCNormalizer.h" />
		<Unit filename="UCPropTable.cpp" />
		<Unit filename="UCPropTable.h" />
		<Unit filename="UCWordIterator.cpp" />
		<Unit filename="UCWordIterator.h" />
		<Unit filename="UdpProtocol.h" />
		<Unit filename="UdpServer.cpp" />
		<Unit filename="UdpServer.h" />
		<Unit filename="UdpSlot.cpp" />
		<Unit filename="UdpSlot.h" />
		<Unit filename="Unicode.cpp" />
		<Unit filename="Unicode.h" />
		<Unit filename="UnicodeProperties.cpp" />
		<Unit filename="UnicodeProperties.h" />
		<Unit filename="Url.cpp" />
		<Unit filename="Url.h" />
		<Unit filename="Users.cpp" />
		<Unit filename="Users.h" />
		<Unit filename="ValidPointer.cpp" />
		<Unit filename="ValidPointer.h" />
		<Unit filename="Vector.cpp" />
		<Unit filename="Vector.h" />
		<Unit filename="Version.cpp" />
		<Unit filename="Version.h" />
		<Unit filename="Weights.cpp" />
		<Unit filename="Weights.h" />
		<Unit filename="Wiki.cpp" />
		<Unit filename="Wiki.h" />
		<Unit filename="Wiktionary.cpp" />
		<Unit filename="Wiktionary.h" />
		<Unit filename="Words.cpp" />
		<Unit filename="Words.h" />
		<Unit filename="Xml.cpp" />
		<Unit filename="Xml.h" />
		<Unit filename="XmlDoc.cpp" />
		<Unit filename="XmlDoc.h" />
		<Unit filename="XmlNode.cpp" />
		<Unit filename="XmlNode.h" />
		<Unit filename="addtest.cpp" />
		<Unit filename="animate.cpp" />
		<Unit filename="blaster2.cpp" />
		<Unit filename="camsort.cpp" />
		<Unit filename="check_unicode.cpp" />
		<Unit filename="convert.cpp" />
		<Unit filename="create_ucd_tables.cpp" />
		<Unit filename="dlstubs.c">
			<Option compilerVar="CC" />
		</Unit>
		<Unit filename="dmozparse.cpp" />
		<Unit filename="dnstest.cpp" />
		<Unit filename="dumpcore.cpp" />
		<Unit filename="errnotest.cpp" />
		<Unit filename="fastIndexTable.cpp" />
		<Unit filename="fctypes.cpp" />
		<Unit filename="fctypes.h" />
		<Unit filename="filterquerylogs.cpp" />
		<Unit filename="gb-include.h" />
		<Unit filename="gbfilter.cpp" />
		<Unit filename="gbtitletest.cpp" />
		<Unit filename="geneaology.cpp" />
		<Unit filename="generateSuperMergeCode.cpp" />
		<Unit filename="geo_ip_table.cpp" />
		<Unit filename="geo_ip_table.h" />
		<Unit filename="getsample.cpp" />
		<Unit filename="hash.cpp" />
		<Unit filename="hash.h" />
		<Unit filename="hashtest.cpp" />
		<Unit filename="hashtest2.cpp" />
		<Unit filename="hashtest3.cpp" />
		<Unit filename="hosts.cpp" />
		<Unit filename="iana_charset.cpp" />
		<Unit filename="iana_charset.h" />
		<Unit filename="iconv.h" />
		<Unit filename="injector.cpp" />
		<Unit filename="iostream.h" />
		<Unit filename="ip.cpp" />
		<Unit filename="ip.h" />
		<Unit filename="ipconfig.cpp" />
		<Unit filename="jointest.cpp" />
		<Unit filename="keepalive.cpp" />
		<Unit filename="linkspam.cpp" />
		<Unit filename="linkspam.h" />
		<Unit filename="looptest.cpp" />
		<Unit filename="main.cpp" />
		<Unit filename="malloc.c">
			<Option compilerVar="CC" />
		</Unit>
		<Unit filename="matches2.cpp" />
		<Unit filename="matches2.h" />
		<Unit filename="membustest.cpp" />
		<Unit filename="memtest.cpp" />
		<Unit filename="mergetest.cpp" />
		<Unit filename="mixfile.cpp" />
		<Unit filename="mmseg.h" />
		<Unit filename="monitor.cpp" />
		<Unit filename="numwords.cpp" />
		<Unit filename="porter.cpp" />
		<Unit filename="qa.cpp" />
		<Unit filename="quarantine.cpp" />
		<Unit filename="rdbtest.cpp" />
		<Unit filename="rdbtest2.cpp" />
		<Unit filename="readRec.cpp" />
		<Unit filename="reindex2.cpp" />
		<Unit filename="rescue.cpp" />
		<Unit filename="rmbots.cpp" />
		<Unit filename="seektest.cpp" />
		<Unit filename="seo.h" />
		<Unit filename="sleepandlog.cpp" />
		<Unit filename="sort.cpp" />
		<Unit filename="sort.h" />
		<Unit filename="streambuf.h" />
		<Unit filename="superMergeTest.cpp" />
		<Unit filename="supported_charsets.cpp" />
		<Unit filename="test2.cpp" />
		<Unit filename="test_convert.cpp" />
		<Unit filename="test_hash.cpp" />
		<Unit filename="test_norm.cpp" />
		<Unit filename="test_parser.cpp" />
		<Unit filename="test_parser2.cpp" />
		<Unit filename="test_unicode.cpp" />
		<Unit filename="testfloats.cpp" />
		<Unit filename="threadtest.cpp" />
		<Unit filename="thunder.cpp" />
		<Unit filename="treetest.cpp" />
		<Unit filename="types.h" />
		<Unit filename="udptest.cpp" />
		<Unit filename="uniq2.cpp" />
		<Unit filename="urlinfo.cpp" />
		<Unit filename="zconf.h" />
		<Unit filename="zlib.h" />
		<Extensions>
			<code_completion />
			<debugger />
		</Extensions>
	</Project>
</CodeBlocks_project_file>
